// !$*UTF8*$!
{
	archiveVersion = 1;
	classes = {
	};
	objectVersion = 46;
	objects = {

/* Begin PBXBuildFile section */
		DE2EA8E81EB33E0900C76D7F /* main.m in Sources */ = {isa = PBXBuildFile; fileRef = DE2EA8E71EB33E0900C76D7F /* main.m */; };
		DE2EA8EB1EB33E0900C76D7F /* AppDelegate.m in Sources */ = {isa = PBXBuildFile; fileRef = DE2EA8EA1EB33E0900C76D7F /* AppDelegate.m */; };
		DE2EA8EE1EB33E0900C76D7F /* ViewController.m in Sources */ = {isa = PBXBuildFile; fileRef = DE2EA8ED1EB33E0900C76D7F /* ViewController.m */; };
		DE2EA8F11EB33E0900C76D7F /* Main.storyboard in Resources */ = {isa = PBXBuildFile; fileRef = DE2EA8EF1EB33E0900C76D7F /* Main.storyboard */; };
		DE2EA8F31EB33E0900C76D7F /* Assets.xcassets in Resources */ = {isa = PBXBuildFile; fileRef = DE2EA8F21EB33E0900C76D7F /* Assets.xcassets */; };
		DE2EA8F61EB33E0900C76D7F /* LaunchScreen.storyboard in Resources */ = {isa = PBXBuildFile; fileRef = DE2EA8F41EB33E0900C76D7F /* LaunchScreen.storyboard */; };
		DE2EA9011EB33E0900C76D7F /* PopupMenuViewDemoTests.m in Sources */ = {isa = PBXBuildFile; fileRef = DE2EA9001EB33E0900C76D7F /* PopupMenuViewDemoTests.m */; };
		DE2EA90C1EB33E0A00C76D7F /* PopupMenuViewDemoUITests.m in Sources */ = {isa = PBXBuildFile; fileRef = DE2EA90B1EB33E0A00C76D7F /* PopupMenuViewDemoUITests.m */; };
		DE513EF41F137D6F00BE4CDE /* CYPopupMenuAction.m in Sources */ = {isa = PBXBuildFile; fileRef = DE513EEF1F137D6F00BE4CDE /* CYPopupMenuAction.m */; };
		DE513EF51F137D6F00BE4CDE /* CYPopupMenuOverlayView.m in Sources */ = {isa = PBXBuildFile; fileRef = DE513EF11F137D6F00BE4CDE /* CYPopupMenuOverlayView.m */; };
		DE513EF61F137D6F00BE4CDE /* CYPopupMenuView.m in Sources */ = {isa = PBXBuildFile; fileRef = DE513EF31F137D6F00BE4CDE /* CYPopupMenuView.m */; };
/* End PBXBuildFile section */

/* Begin PBXContainerItemProxy section */
		DE2EA8FD1EB33E0900C76D7F /* PBXContainerItemProxy */ = {
			isa = PBXContainerItemProxy;
			containerPortal = DE2EA8DB1EB33E0900C76D7F /* Project object */;
			proxyType = 1;
			remoteGlobalIDString = DE2EA8E21EB33E0900C76D7F;
			remoteInfo = PopupMenuViewDemo;
		};
		DE2EA9081EB33E0A00C76D7F /* PBXContainerItemProxy */ = {
			isa = PBXContainerItemProxy;
			containerPortal = DE2EA8DB1EB33E0900C76D7F /* Project object */;
			proxyType = 1;
			remoteGlobalIDString = DE2EA8E21EB33E0900C76D7F;
			remoteInfo = PopupMenuViewDemo;
		};
/* End PBXContainerItemProxy section */

/* Begin PBXFileReference section */
		DE2EA8E31EB33E0900C76D7F /* PopupMenuViewDemo.app */ = {isa = PBXFileReference; explicitFileType = wrapper.application; includeInIndex = 0; path = PopupMenuViewDemo.app; sourceTree = BUILT_PRODUCTS_DIR; };
		DE2EA8E71EB33E0900C76D7F /* main.m */ = {isa = PBXFileReference; lastKnownFileType = sourcecode.c.objc; lineEnding = 0; path = main.m; sourceTree = "<group>"; xcLanguageSpecificationIdentifier = xcode.lang.objc; };
		DE2EA8E91EB33E0900C76D7F /* AppDelegate.h */ = {isa = PBXFileReference; lastKnownFileType = sourcecode.c.h; lineEnding = 0; path = AppDelegate.h; sourceTree = "<group>"; xcLanguageSpecificationIdentifier = xcode.lang.objcpp; };
		DE2EA8EA1EB33E0900C76D7F /* AppDelegate.m */ = {isa = PBXFileReference; lastKnownFileType = sourcecode.c.objc; lineEnding = 0; path = AppDelegate.m; sourceTree = "<group>"; xcLanguageSpecificationIdentifier = xcode.lang.objc; };
		DE2EA8EC1EB33E0900C76D7F /* ViewController.h */ = {isa = PBXFileReference; lastKnownFileType = sourcecode.c.h; lineEnding = 0; path = ViewController.h; sourceTree = "<group>"; xcLanguageSpecificationIdentifier = xcode.lang.objcpp; };
		DE2EA8ED1EB33E0900C76D7F /* ViewController.m */ = {isa = PBXFileReference; lastKnownFileType = sourcecode.c.objc; lineEnding = 0; path = ViewController.m; sourceTree = "<group>"; xcLanguageSpecificationIdentifier = xcode.lang.objc; };
		DE2EA8F01EB33E0900C76D7F /* Base */ = {isa = PBXFileReference; lastKnownFileType = file.storyboard; name = Base; path = Base.lproj/Main.storyboard; sourceTree = "<group>"; };
		DE2EA8F21EB33E0900C76D7F /* Assets.xcassets */ = {isa = PBXFileReference; lastKnownFileType = folder.assetcatalog; path = Assets.xcassets; sourceTree = "<group>"; };
		DE2EA8F51EB33E0900C76D7F /* Base */ = {isa = PBXFileReference; lastKnownFileType = file.storyboard; name = Base; path = Base.lproj/LaunchScreen.storyboard; sourceTree = "<group>"; };
		DE2EA8F71EB33E0900C76D7F /* Info.plist */ = {isa = PBXFileReference; lastKnownFileType = text.plist.xml; path = Info.plist; sourceTree = "<group>"; };
		DE2EA8FC1EB33E0900C76D7F /* PopupMenuViewDemoTests.xctest */ = {isa = PBXFileReference; explicitFileType = wrapper.cfbundle; includeInIndex = 0; path = PopupMenuViewDemoTests.xctest; sourceTree = BUILT_PRODUCTS_DIR; };
		DE2EA9001EB33E0900C76D7F /* PopupMenuViewDemoTests.m */ = {isa = PBXFileReference; lastKnownFileType = sourcecode.c.objc; lineEnding = 0; path = PopupMenuViewDemoTests.m; sourceTree = "<group>"; xcLanguageSpecificationIdentifier = xcode.lang.objc; };
		DE2EA9021EB33E0900C76D7F /* Info.plist */ = {isa = PBXFileReference; lastKnownFileType = text.plist.xml; path = Info.plist; sourceTree = "<group>"; };
		DE2EA9071EB33E0A00C76D7F /* PopupMenuViewDemoUITests.xctest */ = {isa = PBXFileReference; explicitFileType = wrapper.cfbundle; includeInIndex = 0; path = PopupMenuViewDemoUITests.xctest; sourceTree = BUILT_PRODUCTS_DIR; };
		DE2EA90B1EB33E0A00C76D7F /* PopupMenuViewDemoUITests.m */ = {isa = PBXFileReference; lastKnownFileType = sourcecode.c.objc; lineEnding = 0; path = PopupMenuViewDemoUITests.m; sourceTree = "<group>"; xcLanguageSpecificationIdentifier = xcode.lang.objc; };
		DE2EA90D1EB33E0A00C76D7F /* Info.plist */ = {isa = PBXFileReference; lastKnownFileType = text.plist.xml; path = Info.plist; sourceTree = "<group>"; };
		DE513EEE1F137D6F00BE4CDE /* CYPopupMenuAction.h */ = {isa = PBXFileReference; fileEncoding = 4; lastKnownFileType = sourcecode.c.h; path = CYPopupMenuAction.h; sourceTree = "<group>"; };
		DE513EEF1F137D6F00BE4CDE /* CYPopupMenuAction.m */ = {isa = PBXFileReference; fileEncoding = 4; lastKnownFileType = sourcecode.c.objc; path = CYPopupMenuAction.m; sourceTree = "<group>"; };
		DE513EF01F137D6F00BE4CDE /* CYPopupMenuOverlayView.h */ = {isa = PBXFileReference; fileEncoding = 4; lastKnownFileType = sourcecode.c.h; path = CYPopupMenuOverlayView.h; sourceTree = "<group>"; };
		DE513EF11F137D6F00BE4CDE /* CYPopupMenuOverlayView.m */ = {isa = PBXFileReference; fileEncoding = 4; lastKnownFileType = sourcecode.c.objc; path = CYPopupMenuOverlayView.m; sourceTree = "<group>"; };
		DE513EF21F137D6F00BE4CDE /* CYPopupMenuView.h */ = {isa = PBXFileReference; fileEncoding = 4; lastKnownFileType = sourcecode.c.h; path = CYPopupMenuView.h; sourceTree = "<group>"; };
		DE513EF31F137D6F00BE4CDE /* CYPopupMenuView.m */ = {isa = PBXFileReference; fileEncoding = 4; lastKnownFileType = sourcecode.c.objc; path = CYPopupMenuView.m; sourceTree = "<group>"; };
/* End PBXFileReference section */

/* Begin PBXFrameworksBuildPhase section */
		DE2EA8E01EB33E0900C76D7F /* Frameworks */ = {
			isa = PBXFrameworksBuildPhase;
			buildActionMask = 2147483647;
			files = (
			);
			runOnlyForDeploymentPostprocessing = 0;
		};
		DE2EA8F91EB33E0900C76D7F /* Frameworks */ = {
			isa = PBXFrameworksBuildPhase;
			buildActionMask = 2147483647;
			files = (
			);
			runOnlyForDeploymentPostprocessing = 0;
		};
		DE2EA9041EB33E0900C76D7F /* Frameworks */ = {
			isa = PBXFrameworksBuildPhase;
			buildActionMask = 2147483647;
			files = (
			);
			runOnlyForDeploymentPostprocessing = 0;
		};
/* End PBXFrameworksBuildPhase section */

/* Begin PBXGroup section */
		DE2EA8DA1EB33E0900C76D7F = {
			isa = PBXGroup;
			children = (
				DE2EA8E51EB33E0900C76D7F /* PopupMenuViewDemo */,
				DE2EA8FF1EB33E0900C76D7F /* PopupMenuViewDemoTests */,
				DE2EA90A1EB33E0A00C76D7F /* PopupMenuViewDemoUITests */,
				DE2EA8E41EB33E0900C76D7F /* Products */,
			);
			sourceTree = "<group>";
		};
		DE2EA8E41EB33E0900C76D7F /* Products */ = {
			isa = PBXGroup;
			children = (
				DE2EA8E31EB33E0900C76D7F /* PopupMenuViewDemo.app */,
				DE2EA8FC1EB33E0900C76D7F /* PopupMenuViewDemoTests.xctest */,
				DE2EA9071EB33E0A00C76D7F /* PopupMenuViewDemoUITests.xctest */,
			);
			name = Products;
			sourceTree = "<group>";
		};
		DE2EA8E51EB33E0900C76D7F /* PopupMenuViewDemo */ = {
			isa = PBXGroup;
			children = (
				DE513EED1F137D6F00BE4CDE /* CYPopupMenu */,
				DE2EA8E91EB33E0900C76D7F /* AppDelegate.h */,
				DE2EA8EA1EB33E0900C76D7F /* AppDelegate.m */,
				DE2EA8EC1EB33E0900C76D7F /* ViewController.h */,
				DE2EA8ED1EB33E0900C76D7F /* ViewController.m */,
				DE2EA8EF1EB33E0900C76D7F /* Main.storyboard */,
				DE2EA8F21EB33E0900C76D7F /* Assets.xcassets */,
				DE2EA8F41EB33E0900C76D7F /* LaunchScreen.storyboard */,
				DE2EA8F71EB33E0900C76D7F /* Info.plist */,
				DE2EA8E61EB33E0900C76D7F /* Supporting Files */,
			);
			path = PopupMenuViewDemo;
			sourceTree = "<group>";
		};
		DE2EA8E61EB33E0900C76D7F /* Supporting Files */ = {
			isa = PBXGroup;
			children = (
				DE2EA8E71EB33E0900C76D7F /* main.m */,
			);
			name = "Supporting Files";
			sourceTree = "<group>";
		};
		DE2EA8FF1EB33E0900C76D7F /* PopupMenuViewDemoTests */ = {
			isa = PBXGroup;
			children = (
				DE2EA9001EB33E0900C76D7F /* PopupMenuViewDemoTests.m */,
				DE2EA9021EB33E0900C76D7F /* Info.plist */,
			);
			path = PopupMenuViewDemoTests;
			sourceTree = "<group>";
		};
		DE2EA90A1EB33E0A00C76D7F /* PopupMenuViewDemoUITests */ = {
			isa = PBXGroup;
			children = (
				DE2EA90B1EB33E0A00C76D7F /* PopupMenuViewDemoUITests.m */,
				DE2EA90D1EB33E0A00C76D7F /* Info.plist */,
			);
			path = PopupMenuViewDemoUITests;
			sourceTree = "<group>";
		};
		DE513EED1F137D6F00BE4CDE /* CYPopupMenu */ = {
			isa = PBXGroup;
			children = (
				DE513EF21F137D6F00BE4CDE /* CYPopupMenuView.h */,
				DE513EF31F137D6F00BE4CDE /* CYPopupMenuView.m */,
				DE513EEE1F137D6F00BE4CDE /* CYPopupMenuAction.h */,
				DE513EEF1F137D6F00BE4CDE /* CYPopupMenuAction.m */,
				DE513EF01F137D6F00BE4CDE /* CYPopupMenuOverlayView.h */,
				DE513EF11F137D6F00BE4CDE /* CYPopupMenuOverlayView.m */,
			);
			name = CYPopupMenu;
			path = ../../CYPopupMenu;
			sourceTree = "<group>";
		};
/* End PBXGroup section */

/* Begin PBXNativeTarget section */
		DE2EA8E21EB33E0900C76D7F /* PopupMenuViewDemo */ = {
			isa = PBXNativeTarget;
			buildConfigurationList = DE2EA9101EB33E0A00C76D7F /* Build configuration list for PBXNativeTarget "PopupMenuViewDemo" */;
			buildPhases = (
				DE2EA8DF1EB33E0900C76D7F /* Sources */,
				DE2EA8E01EB33E0900C76D7F /* Frameworks */,
				DE2EA8E11EB33E0900C76D7F /* Resources */,
			);
			buildRules = (
			);
			dependencies = (
			);
			name = PopupMenuViewDemo;
			productName = PopupMenuViewDemo;
			productReference = DE2EA8E31EB33E0900C76D7F /* PopupMenuViewDemo.app */;
			productType = "com.apple.product-type.application";
		};
		DE2EA8FB1EB33E0900C76D7F /* PopupMenuViewDemoTests */ = {
			isa = PBXNativeTarget;
			buildConfigurationList = DE2EA9131EB33E0A00C76D7F /* Build configuration list for PBXNativeTarget "PopupMenuViewDemoTests" */;
			buildPhases = (
				DE2EA8F81EB33E0900C76D7F /* Sources */,
				DE2EA8F91EB33E0900C76D7F /* Frameworks */,
				DE2EA8FA1EB33E0900C76D7F /* Resources */,
			);
			buildRules = (
			);
			dependencies = (
				DE2EA8FE1EB33E0900C76D7F /* PBXTargetDependency */,
			);
			name = PopupMenuViewDemoTests;
			productName = PopupMenuViewDemoTests;
			productReference = DE2EA8FC1EB33E0900C76D7F /* PopupMenuViewDemoTests.xctest */;
			productType = "com.apple.product-type.bundle.unit-test";
		};
		DE2EA9061EB33E0900C76D7F /* PopupMenuViewDemoUITests */ = {
			isa = PBXNativeTarget;
			buildConfigurationList = DE2EA9161EB33E0A00C76D7F /* Build configuration list for PBXNativeTarget "PopupMenuViewDemoUITests" */;
			buildPhases = (
				DE2EA9031EB33E0900C76D7F /* Sources */,
				DE2EA9041EB33E0900C76D7F /* Frameworks */,
				DE2EA9051EB33E0900C76D7F /* Resources */,
			);
			buildRules = (
			);
			dependencies = (
				DE2EA9091EB33E0A00C76D7F /* PBXTargetDependency */,
			);
			name = PopupMenuViewDemoUITests;
			productName = PopupMenuViewDemoUITests;
			productReference = DE2EA9071EB33E0A00C76D7F /* PopupMenuViewDemoUITests.xctest */;
			productType = "com.apple.product-type.bundle.ui-testing";
		};
/* End PBXNativeTarget section */

/* Begin PBXProject section */
		DE2EA8DB1EB33E0900C76D7F /* Project object */ = {
			isa = PBXProject;
			attributes = {
				LastUpgradeCheck = 0810;
				ORGANIZATIONNAME = "Chen Yiliang";
				TargetAttributes = {
					DE2EA8E21EB33E0900C76D7F = {
						CreatedOnToolsVersion = 8.1;
						DevelopmentTeam = ZF6TVZV5SQ;
						ProvisioningStyle = Automatic;
					};
					DE2EA8FB1EB33E0900C76D7F = {
						CreatedOnToolsVersion = 8.1;
						ProvisioningStyle = Automatic;
						TestTargetID = DE2EA8E21EB33E0900C76D7F;
					};
					DE2EA9061EB33E0900C76D7F = {
						CreatedOnToolsVersion = 8.1;
						ProvisioningStyle = Automatic;
						TestTargetID = DE2EA8E21EB33E0900C76D7F;
					};
				};
			};
			buildConfigurationList = DE2EA8DE1EB33E0900C76D7F /* Build configuration list for PBXProject "PopupMenuViewDemo" */;
			compatibilityVersion = "Xcode 3.2";
			developmentRegion = English;
			hasScannedForEncodings = 0;
			knownRegions = (
				en,
				Base,
			);
			mainGroup = DE2EA8DA1EB33E0900C76D7F;
			productRefGroup = DE2EA8E41EB33E0900C76D7F /* Products */;
			projectDirPath = "";
			projectRoot = "";
			targets = (
				DE2EA8E21EB33E0900C76D7F /* PopupMenuViewDemo */,
				DE2EA8FB1EB33E0900C76D7F /* PopupMenuViewDemoTests */,
				DE2EA9061EB33E0900C76D7F /* PopupMenuViewDemoUITests */,
			);
		};
/* End PBXProject section */

/* Begin PBXResourcesBuildPhase section */
		DE2EA8E11EB33E0900C76D7F /* Resources */ = {
			isa = PBXResourcesBuildPhase;
			buildActionMask = 2147483647;
			files = (
				DE2EA8F61EB33E0900C76D7F /* LaunchScreen.storyboard in Resources */,
				DE2EA8F31EB33E0900C76D7F /* Assets.xcassets in Resources */,
				DE2EA8F11EB33E0900C76D7F /* Main.storyboard in Resources */,
			);
			runOnlyForDeploymentPostprocessing = 0;
		};
		DE2EA8FA1EB33E0900C76D7F /* Resources */ = {
			isa = PBXResourcesBuildPhase;
			buildActionMask = 2147483647;
			files = (
			);
			runOnlyForDeploymentPostprocessing = 0;
		};
		DE2EA9051EB33E0900C76D7F /* Resources */ = {
			isa = PBXResourcesBuildPhase;
			buildActionMask = 2147483647;
			files = (
			);
			runOnlyForDeploymentPostprocessing = 0;
		};
/* End PBXResourcesBuildPhase section */

/* Begin PBXSourcesBuildPhase section */
		DE2EA8DF1EB33E0900C76D7F /* Sources */ = {
			isa = PBXSourcesBuildPhase;
			buildActionMask = 2147483647;
			files = (
				DE513EF61F137D6F00BE4CDE /* CYPopupMenuView.m in Sources */,
				DE513EF51F137D6F00BE4CDE /* CYPopupMenuOverlayView.m in Sources */,
				DE2EA8EE1EB33E0900C76D7F /* ViewController.m in Sources */,
				DE513EF41F137D6F00BE4CDE /* CYPopupMenuAction.m in Sources */,
				DE2EA8EB1EB33E0900C76D7F /* AppDelegate.m in Sources */,
				DE2EA8E81EB33E0900C76D7F /* main.m in Sources */,
			);
			runOnlyForDeploymentPostprocessing = 0;
		};
		DE2EA8F81EB33E0900C76D7F /* Sources */ = {
			isa = PBXSourcesBuildPhase;
			buildActionMask = 2147483647;
			files = (
				DE2EA9011EB33E0900C76D7F /* PopupMenuViewDemoTests.m in Sources */,
			);
			runOnlyForDeploymentPostprocessing = 0;
		};
		DE2EA9031EB33E0900C76D7F /* Sources */ = {
			isa = PBXSourcesBuildPhase;
			buildActionMask = 2147483647;
			files = (
				DE2EA90C1EB33E0A00C76D7F /* PopupMenuViewDemoUITests.m in Sources */,
			);
			runOnlyForDeploymentPostprocessing = 0;
		};
/* End PBXSourcesBuildPhase section */

/* Begin PBXTargetDependency section */
		DE2EA8FE1EB33E0900C76D7F /* PBXTargetDependency */ = {
			isa = PBXTargetDependency;
			target = DE2EA8E21EB33E0900C76D7F /* PopupMenuViewDemo */;
			targetProxy = DE2EA8FD1EB33E0900C76D7F /* PBXContainerItemProxy */;
		};
		DE2EA9091EB33E0A00C76D7F /* PBXTargetDependency */ = {
			isa = PBXTargetDependency;
			target = DE2EA8E21EB33E0900C76D7F /* PopupMenuViewDemo */;
			targetProxy = DE2EA9081EB33E0A00C76D7F /* PBXContainerItemProxy */;
		};
/* End PBXTargetDependency section */

/* Begin PBXVariantGroup section */
		DE2EA8EF1EB33E0900C76D7F /* Main.storyboard */ = {
			isa = PBXVariantGroup;
			children = (
				DE2EA8F01EB33E0900C76D7F /* Base */,
			);
			name = Main.storyboard;
			sourceTree = "<group>";
		};
		DE2EA8F41EB33E0900C76D7F /* LaunchScreen.storyboard */ = {
			isa = PBXVariantGroup;
			children = (
				DE2EA8F51EB33E0900C76D7F /* Base */,
			);
			name = LaunchScreen.storyboard;
			sourceTree = "<group>";
		};
/* End PBXVariantGroup section */

/* Begin XCBuildConfiguration section */
		DE2EA90E1EB33E0A00C76D7F /* Debug */ = {
			isa = XCBuildConfiguration;
			buildSettings = {
				ALWAYS_SEARCH_USER_PATHS = NO;
				CLANG_ANALYZER_NONNULL = YES;
				CLANG_CXX_LANGUAGE_STANDARD = "gnu++0x";
				CLANG_CXX_LIBRARY = "libc++";
				CLANG_ENABLE_MODULES = YES;
				CLANG_ENABLE_OBJC_ARC = YES;
				CLANG_WARN_BOOL_CONVERSION = YES;
				CLANG_WARN_CONSTANT_CONVERSION = YES;
				CLANG_WARN_DIRECT_OBJC_ISA_USAGE = YES_ERROR;
				CLANG_WARN_DOCUMENTATION_COMMENTS = YES;
				CLANG_WARN_EMPTY_BODY = YES;
				CLANG_WARN_ENUM_CONVERSION = YES;
				CLANG_WARN_INFINITE_RECURSION = YES;
				CLANG_WARN_INT_CONVERSION = YES;
				CLANG_WARN_OBJC_ROOT_CLASS = YES_ERROR;
				CLANG_WARN_SUSPICIOUS_MOVES = YES;
				CLANG_WARN_UNREACHABLE_CODE = YES;
				CLANG_WARN__DUPLICATE_METHOD_MATCH = YES;
				"CODE_SIGN_IDENTITY[sdk=iphoneos*]" = "iPhone Developer";
				COPY_PHASE_STRIP = NO;
				DEBUG_INFORMATION_FORMAT = dwarf;
				ENABLE_STRICT_OBJC_MSGSEND = YES;
				ENABLE_TESTABILITY = YES;
				GCC_C_LANGUAGE_STANDARD = gnu99;
				GCC_DYNAMIC_NO_PIC = NO;
				GCC_NO_COMMON_BLOCKS = YES;
				GCC_OPTIMIZATION_LEVEL = 0;
				GCC_PREPROCESSOR_DEFINITIONS = (
					"DEBUG=1",
					"$(inherited)",
				);
				GCC_WARN_64_TO_32_BIT_CONVERSION = YES;
				GCC_WARN_ABOUT_RETURN_TYPE = YES_ERROR;
				GCC_WARN_UNDECLARED_SELECTOR = YES;
				GCC_WARN_UNINITIALIZED_AUTOS = YES_AGGRESSIVE;
				GCC_WARN_UNUSED_FUNCTION = YES;
				GCC_WARN_UNUSED_VARIABLE = YES;
				IPHONEOS_DEPLOYMENT_TARGET = 10.1;
				MTL_ENABLE_DEBUG_INFO = YES;
				ONLY_ACTIVE_ARCH = YES;
				SDKROOT = iphoneos;
			};
			name = Debug;
		};
		DE2EA90F1EB33E0A00C76D7F /* Release */ = {
			isa = XCBuildConfiguration;
			buildSettings = {
				ALWAYS_SEARCH_USER_PATHS = NO;
				CLANG_ANALYZER_NONNULL = YES;
				CLANG_CXX_LANGUAGE_STANDARD = "gnu++0x";
				CLANG_CXX_LIBRARY = "libc++";
				CLANG_ENABLE_MODULES = YES;
				CLANG_ENABLE_OBJC_ARC = YES;
				CLANG_WARN_BOOL_CONVERSION = YES;
				CLANG_WARN_CONSTANT_CONVERSION = YES;
				CLANG_WARN_DIRECT_OBJC_ISA_USAGE = YES_ERROR;
				CLANG_WARN_DOCUMENTATION_COMMENTS = YES;
				CLANG_WARN_EMPTY_BODY = YES;
				CLANG_WARN_ENUM_CONVERSION = YES;
				CLANG_WARN_INFINITE_RECURSION = YES;
				CLANG_WARN_INT_CONVERSION = YES;
				CLANG_WARN_OBJC_ROOT_CLASS = YES_ERROR;
				CLANG_WARN_SUSPICIOUS_MOVES = YES;
				CLANG_WARN_UNREACHABLE_CODE = YES;
				CLANG_WARN__DUPLICATE_METHOD_MATCH = YES;
				"CODE_SIGN_IDENTITY[sdk=iphoneos*]" = "iPhone Developer";
				COPY_PHASE_STRIP = NO;
				DEBUG_INFORMATION_FORMAT = "dwarf-with-dsym";
				ENABLE_NS_ASSERTIONS = NO;
				ENABLE_STRICT_OBJC_MSGSEND = YES;
				GCC_C_LANGUAGE_STANDARD = gnu99;
				GCC_NO_COMMON_BLOCKS = YES;
				GCC_WARN_64_TO_32_BIT_CONVERSION = YES;
				GCC_WARN_ABOUT_RETURN_TYPE = YES_ERROR;
				GCC_WARN_UNDECLARED_SELECTOR = YES;
				GCC_WARN_UNINITIALIZED_AUTOS = YES_AGGRESSIVE;
				GCC_WARN_UNUSED_FUNCTION = YES;
				GCC_WARN_UNUSED_VARIABLE = YES;
				IPHONEOS_DEPLOYMENT_TARGET = 10.1;
				MTL_ENABLE_DEBUG_INFO = NO;
				SDKROOT = iphoneos;
				VALIDATE_PRODUCT = YES;
			};
			name = Release;
		};
		DE2EA9111EB33E0A00C76D7F /* Debug */ = {
			isa = XCBuildConfiguration;
			buildSettings = {
				ASSETCATALOG_COMPILER_APPICON_NAME = AppIcon;
				DEVELOPMENT_TEAM = ZF6TVZV5SQ;
				INFOPLIST_FILE = PopupMenuViewDemo/Info.plist;
				IPHONEOS_DEPLOYMENT_TARGET = 8.0;
				LD_RUNPATH_SEARCH_PATHS = "$(inherited) @executable_path/Frameworks";
				PRODUCT_BUNDLE_IDENTIFIER = com.cyyun.PopupMenuViewDemo;
				PRODUCT_NAME = "$(TARGET_NAME)";
			};
			name = Debug;
		};
		DE2EA9121EB33E0A00C76D7F /* Release */ = {
			isa = XCBuildConfiguration;
			buildSettings = {
				ASSETCATALOG_COMPILER_APPICON_NAME = AppIcon;
				DEVELOPMENT_TEAM = ZF6TVZV5SQ;
				INFOPLIST_FILE = PopupMenuViewDemo/Info.plist;
				IPHONEOS_DEPLOYMENT_TARGET = 8.0;
				LD_RUNPATH_SEARCH_PATHS = "$(inherited) @executable_path/Frameworks";
				PRODUCT_BUNDLE_IDENTIFIER = com.cyyun.PopupMenuViewDemo;
				PRODUCT_NAME = "$(TARGET_NAME)";
			};
			name = Release;
		};
		DE2EA9141EB33E0A00C76D7F /* Debug */ = {
			isa = XCBuildConfiguration;
			buildSettings = {
				BUNDLE_LOADER = "$(TEST_HOST)";
				INFOPLIST_FILE = PopupMenuViewDemoTests/Info.plist;
				LD_RUNPATH_SEARCH_PATHS = "$(inherited) @executable_path/Frameworks @loader_path/Frameworks";
				PRODUCT_BUNDLE_IDENTIFIER = com.cyyun.PopupMenuViewDemoTests;
				PRODUCT_NAME = "$(TARGET_NAME)";
				TEST_HOST = "$(BUILT_PRODUCTS_DIR)/PopupMenuViewDemo.app/PopupMenuViewDemo";
			};
			name = Debug;
		};
		DE2EA9151EB33E0A00C76D7F /* Release */ = {
			isa = XCBuildConfiguration;
			buildSettings = {
				BUNDLE_LOADER = "$(TEST_HOST)";
				INFOPLIST_FILE = PopupMenuViewDemoTests/Info.plist;
				LD_RUNPATH_SEARCH_PATHS = "$(inherited) @executable_path/Frameworks @loader_path/Frameworks";
				PRODUCT_BUNDLE_IDENTIFIER = com.cyyun.PopupMenuViewDemoTests;
				PRODUCT_NAME = "$(TARGET_NAME)";
				TEST_HOST = "$(BUILT_PRODUCTS_DIR)/PopupMenuViewDemo.app/PopupMenuViewDemo";
			};
			name = Release;
		};
		DE2EA9171EB33E0A00C76D7F /* Debug */ = {
			isa = XCBuildConfiguration;
			buildSettings = {
				INFOPLIST_FILE = PopupMenuViewDemoUITests/Info.plist;
				LD_RUNPATH_SEARCH_PATHS = "$(inherited) @executable_path/Frameworks @loader_path/Frameworks";
				PRODUCT_BUNDLE_IDENTIFIER = com.cyyun.PopupMenuViewDemoUITests;
				PRODUCT_NAME = "$(TARGET_NAME)";
				TEST_TARGET_NAME = PopupMenuViewDemo;
			};
			name = Debug;
		};
		DE2EA9181EB33E0A00C76D7F /* Release */ = {
			isa = XCBuildConfiguration;
			buildSettings = {
				INFOPLIST_FILE = PopupMenuViewDemoUITests/Info.plist;
				LD_RUNPATH_SEARCH_PATHS = "$(inherited) @executable_path/Frameworks @loader_path/Frameworks";
				PRODUCT_BUNDLE_IDENTIFIER = com.cyyun.PopupMenuViewDemoUITests;
				PRODUCT_NAME = "$(TARGET_NAME)";
				TEST_TARGET_NAME = PopupMenuViewDemo;
			};
			name = Release;
		};
/* End XCBuildConfiguration section */

/* Begin XCConfigurationList section */
		DE2EA8DE1EB33E0900C76D7F /* Build configuration list for PBXProject "PopupMenuViewDemo" */ = {
			isa = XCConfigurationList;
			buildConfigurations = (
				DE2EA90E1EB33E0A00C76D7F /* Debug */,
				DE2EA90F1EB33E0A00C76D7F /* Release */,
			);
			defaultConfigurationIsVisible = 0;
			defaultConfigurationName = Release;
		};
		DE2EA9101EB33E0A00C76D7F /* Build configuration list for PBXNativeTarget "PopupMenuViewDemo" */ = {
			isa = XCConfigurationList;
			buildConfigurations = (
				DE2EA9111EB33E0A00C76D7F /* Debug */,
				DE2EA9121EB33E0A00C76D7F /* Release */,
			);
			defaultConfigurationIsVisible = 0;
			defaultConfigurationName = Release;
		};
		DE2EA9131EB33E0A00C76D7F /* Build configuration list for PBXNativeTarget "PopupMenuViewDemoTests" */ = {
			isa = XCConfigurationList;
			buildConfigurations = (
				DE2EA9141EB33E0A00C76D7F /* Debug */,
				DE2EA9151EB33E0A00C76D7F /* Release */,
			);
			defaultConfigurationIsVisible = 0;
			defaultConfigurationName = Release;
		};
		DE2EA9161EB33E0A00C76D7F /* Build configuration list for PBXNativeTarget "PopupMenuViewDemoUITests" */ = {
			isa = XCConfigurationList;
			buildConfigurations = (
				DE2EA9171EB33E0A00C76D7F /* Debug */,
				DE2EA9181EB33E0A00C76D7F /* Release */,
			);
			defaultConfigurationIsVisible = 0;
			defaultConfigurationName = Release;
		};
/* End XCConfigurationList section */
	};
	rootObject = DE2EA8DB1EB33E0900C76D7F /* Project object */;
}
